
Microsoft Visual Studio Solution File, Format Version 12.00
# Visual Studio 15
VisualStudioVersion = 15.0.28307.106
MinimumVisualStudioVersion = 10.0.40219.1
Project("{FAE04EC0-301F-11D3-BF4B-00C04F79EFBC}") = "ConsoleApp4", "ConsoleApp4\ConsoleApp4.csproj", "{25AB59A7-6EA7-4BD8-B4C6-33D33AF81953}"
EndProject
Project("{FAE04EC0-301F-11D3-BF4B-00C04F79EFBC}") = "ConsoleChat", "ConsoleChat\ConsoleChat.csproj", "{BC7CCAB3-7355-47B0-B300-B59944CF2BDC}"
EndProject
Global
	GlobalSection(SolutionConfigurationPlatforms) = preSolution
		Debug|Any CPU = Debug|Any CPU
		Release|Any CPU = Release|Any CPU
	EndGlobalSection
	GlobalSection(ProjectConfigurationPlatforms) = postSolution
		{25AB59A7-6EA7-4BD8-B4C6-33D33AF81953}.Debug|Any CPU.ActiveCfg = Debug|Any CPU
		{25AB59A7-6EA7-4BD8-B4C6-33D33AF81953}.Debug|Any CPU.Build.0 = Debug|Any CPU
		{25AB59A7-6EA7-4BD8-B4C6-33D33AF81953}.Release|Any CPU.ActiveCfg = Release|Any CPU
		{25AB59A7-6EA7-4BD8-B4C6-33D33AF81953}.Release|Any CPU.Build.0 = Release|Any CPU
		{BC7CCAB3-7355-47B0-B300-B59944CF2BDC}.Debug|Any CPU.ActiveCfg = Debug|Any CPU
		{BC7CCAB3-7355-47B0-B300-B59944CF2BDC}.Debug|Any CPU.Build.0 = Debug|Any CPU
		{BC7CCAB3-7355-47B0-B300-B59944CF2BDC}.Release|Any CPU.ActiveCfg = Release|Any CPU
		{BC7CCAB3-7355-47B0-B300-B59944CF2BDC}.Release|Any CPU.Build.0 = Release|Any CPU
	EndGlobalSection
	GlobalSection(SolutionProperties) = preSolution
		HideSolutionNode = FALSE
	EndGlobalSection
	GlobalSection(ExtensibilityGlobals) = postSolution
		SolutionGuid = {2A29DBA6-EEE7-4204-9294-F344D88D53E1}
	EndGlobalSection
EndGlobal
